
Microsoft Visual Studio Solution File, Format Version 12.00
# Visual Studio Version 17
VisualStudioVersion = 17.3.32825.248
MinimumVisualStudioVersion = 10.0.40219.1
Project("{FAE04EC0-301F-11D3-BF4B-00C04F79EFBC}") = "WcfDemoInstanceContext", "WcfDemoInstanceContext\WcfDemoInstanceContext.csproj", "{E9C2DEC5-4C69-434A-8AD5-B77CA3DEECA8}"
EndProject
Project("{FAE04EC0-301F-11D3-BF4B-00C04F79EFBC}") = "DemoClient", "DemoClient\DemoClient.csproj", "{1E5B4126-C164-4DA3-9D26-204E3DD5A642}"
EndProject
Global
	GlobalSection(SolutionConfigurationPlatforms) = preSolution
		Debug|Any CPU = Debug|Any CPU
		Release|Any CPU = Release|Any CPU
	EndGlobalSection
	GlobalSection(ProjectConfigurationPlatforms) = postSolution
		{E9C2DEC5-4C69-434A-8AD5-B77CA3DEECA8}.Debug|Any CPU.ActiveCfg = Debug|Any CPU
		{E9C2DEC5-4C69-434A-8AD5-B77CA3DEECA8}.Debug|Any CPU.Build.0 = Debug|Any CPU
		{E9C2DEC5-4C69-434A-8AD5-B77CA3DEECA8}.Release|Any CPU.ActiveCfg = Release|Any CPU
		{E9C2DEC5-4C69-434A-8AD5-B77CA3DEECA8}.Release|Any CPU.Build.0 = Release|Any CPU
		{1E5B4126-C164-4DA3-9D26-204E3DD5A642}.Debug|Any CPU.ActiveCfg = Debug|Any CPU
		{1E5B4126-C164-4DA3-9D26-204E3DD5A642}.Debug|Any CPU.Build.0 = Debug|Any CPU
		{1E5B4126-C164-4DA3-9D26-204E3DD5A642}.Release|Any CPU.ActiveCfg = Release|Any CPU
		{1E5B4126-C164-4DA3-9D26-204E3DD5A642}.Release|Any CPU.Build.0 = Release|Any CPU
	EndGlobalSection
	GlobalSection(SolutionProperties) = preSolution
		HideSolutionNode = FALSE
	EndGlobalSection
	GlobalSection(ExtensibilityGlobals) = postSolution
		SolutionGuid = {ADC62E5D-058E-4281-874B-A4B2A5C627F1}
	EndGlobalSection
EndGlobal
